
Microsoft Visual Studio Solution File, Format Version 12.00
# Visual Studio Version 17
VisualStudioVersion = 17.2.32505.173
MinimumVisualStudioVersion = 10.0.40219.1
Project("{9A19103F-16F7-4668-BE54-9A1E7A4F7556}") = "DependencyInjectionDemo", "DependencyInjectionDemo\DependencyInjectionDemo.csproj", "{14212B49-D683-46DC-926B-AE450A5F5C65}"
EndProject
Project("{FAE04EC0-301F-11D3-BF4B-00C04F79EFBC}") = "LibraryDemo", "LibraryDemo\LibraryDemo.csproj", "{C01BF73F-90D4-4C4E-88F4-12A9639D225A}"
EndProject
Global
	GlobalSection(SolutionConfigurationPlatforms) = preSolution
		Debug|Any CPU = Debug|Any CPU
		Release|Any CPU = Release|Any CPU
	EndGlobalSection
	GlobalSection(ProjectConfigurationPlatforms) = postSolution
		{14212B49-D683-46DC-926B-AE450A5F5C65}.Debug|Any CPU.ActiveCfg = Debug|Any CPU
		{14212B49-D683-46DC-926B-AE450A5F5C65}.Debug|Any CPU.Build.0 = Debug|Any CPU
		{14212B49-D683-46DC-926B-AE450A5F5C65}.Release|Any CPU.ActiveCfg = Release|Any CPU
		{14212B49-D683-46DC-926B-AE450A5F5C65}.Release|Any CPU.Build.0 = Release|Any CPU
		{C01BF73F-90D4-4C4E-88F4-12A9639D225A}.Debug|Any CPU.ActiveCfg = Debug|Any CPU
		{C01BF73F-90D4-4C4E-88F4-12A9639D225A}.Debug|Any CPU.Build.0 = Debug|Any CPU
		{C01BF73F-90D4-4C4E-88F4-12A9639D225A}.Release|Any CPU.ActiveCfg = Release|Any CPU
		{C01BF73F-90D4-4C4E-88F4-12A9639D225A}.Release|Any CPU.Build.0 = Release|Any CPU
	EndGlobalSection
	GlobalSection(SolutionProperties) = preSolution
		HideSolutionNode = FALSE
	EndGlobalSection
	GlobalSection(ExtensibilityGlobals) = postSolution
		SolutionGuid = {DD4948A6-6BD5-48C4-95EF-F8B019A34E46}
	EndGlobalSection
EndGlobal
